# THIS IS AN AUTOGENERATED FILE. DO NOT EDIT THIS FILE DIRECTLY.
assets/SirvIcon.png:
  development: 2015-12-11T09:35:14-08:00   b5808c54463f6b0acc277522c1084c2d
assets/ajaxify.js.liquid:
  development: 2017-04-20T14:29:15-07:00   a64c7d804b7e6514507ca333113a582d
assets/ajaxify.scss.liquid:
  development: 2015-12-11T09:35:12-08:00   a880d51c11b9682bbf82febb9919d99e
assets/arrow-left.svg:
  development: 2015-12-11T09:35:12-08:00   9c0d7400ba4a9f9825fa3b0fc0af39a0
assets/arrow-right.svg:
  development: 2015-12-11T09:35:12-08:00   a97c5d0bde8a3b0faaef965c5033454f
assets/arrow.svg:
  development: 2015-12-11T09:35:12-08:00   7a24a833b250d394f2111509af643b3b
assets/buttons1.png:
  development: 2015-12-11T09:35:12-08:00   89cc56bd6cad553e0cedce01347285fa
assets/cart.svg:
  development: 2015-12-11T09:35:12-08:00   f8826b1bd14119d2b5ab59523d1a486b
assets/checkout.css.liquid:
  development: 2015-12-11T09:35:12-08:00   00cdd629647c1e9add3acc40b06a1133
assets/collection-view-grid.svg:
  development: 2015-12-11T09:35:13-08:00   9c99fc03b96ba2c4df7ef330c617fae1
assets/collection-view-list.svg:
  development: 2015-12-11T09:35:13-08:00   cf24d6d96e2d796d31f84938a5c8dbff
assets/favicon.png:
  development: 2015-12-11T09:35:13-08:00   647544a726ecce72865f046f4344c0a9
assets/hamburger.svg:
  development: 2015-12-11T09:35:13-08:00   bbd93f93aceb328541644de13ea70412
assets/handlebars.min.js:
  development: 2015-12-11T09:35:13-08:00   b3c11508a224ee83f86e2fc6491e9751
assets/hint.gif:
  development: 2015-12-11T09:35:13-08:00   ffcd83bb9fbf199f37d3d1c36ff95c79
assets/icons.eot:
  development: 2015-12-11T09:35:13-08:00   5beff252493b1cb2e68770ccd04f9d7f
assets/icons.svg:
  development: 2015-12-11T09:35:13-08:00   0625c16be69a00e447a5676a59d43847
assets/icons.ttf:
  development: 2015-12-11T09:35:13-08:00   af37de5b768323e0395432e6eb27ec66
assets/icons.woff:
  development: 2015-12-11T09:35:13-08:00   9ef930f19d46b7e49715cda02c6f26ca
assets/jquery.elevateZoom-3.0.8.min.js:
  development: 2015-12-11T09:35:13-08:00   7d62e8e92b7c9cabb8121f25c54e0b81
assets/jquery.flexslider.min.js:
  development: 2015-12-11T09:35:13-08:00   9ec3c315b67f434aabc4da58eabc6c3a
assets/jquery.products.js:
  development: 2017-03-08T09:58:36-08:00   83cb4cfde4bb599f44f3a328a1d0a76c
assets/jquery.products.min.js:
  development: 2017-03-08T09:56:58-08:00   645e39825efc257a2f55f7e87db6eae3
assets/jquery.zoom.min.js:
  development: 2015-12-11T09:35:13-08:00   198ad155033987c047ca3a20d70ef76c
assets/loader.gif:
  development: 2015-12-11T09:35:14-08:00   7b9776076d5fceef4993b55c9383dedd
assets/logo.png:
  development: 2016-12-06T11:15:51-08:00   393968cdc8434cc21e0b3832274ab597
assets/magictoolbox-thin.eot:
  development: 2016-06-28T15:31:03-07:00   d49fc24140140af1b881ff52838392f1
assets/magictoolbox-thin.svg:
  development: 2016-06-28T15:31:04-07:00   578d416f217ff89a505dd986246e1676
assets/magictoolbox-thin.ttf:
  development: 2016-06-28T15:31:05-07:00   32d944e72ac6fd670c0ac4175c7f6652
assets/magictoolbox-thin.woff:
  development: 2016-06-28T15:31:05-07:00   96bc2349c0d63b0303f1281c280ce2dc
assets/magiczoomplus.additional.css:
  development: 2016-06-28T15:31:09-07:00   f8ae5cf70c37fd61e2cd70a4f08f78bd
assets/magiczoomplus.css:
  development: 2016-06-28T15:31:06-07:00   4cbc6d29102501c870b7cf2ad375b413
assets/magiczoomplus.js:
  development: 2016-06-28T15:31:07-07:00   ff75ab1c546199f76a39ec166124f048
assets/magiczoomplus.sirv.js:
  development: 2016-06-28T15:31:08-07:00   c0cf46bbbda7794593312063fcc25f0c
assets/magiczoomplus.v4_backup.css:
  development: 2016-06-28T15:30:59-07:00   134158ebeec83ae13a0aeb237ffb1891
assets/magiczoomplus.v4_backup.js:
  development: 2016-06-28T15:31:01-07:00   3432081b9c0c488eb0e473386a427704
assets/modernizr.min.js:
  development: 2015-12-11T09:35:14-08:00   e8a7c9329f429b2b271e31c540e61075
assets/order-form.scss.liquid:
  development: 2015-12-22T14:25:24-08:00   2a26d41e0d6cc3368c6642aeef13d23c
assets/remove.svg:
  development: 2015-12-11T09:35:14-08:00   7a7c67a12376292a7dd5664fde315e26
assets/respond-proxy.html:
  development: 2015-12-11T09:35:14-08:00   f750e28e1c34dfc5cd717a047df88877
assets/respond.min.js:
  development: 2015-12-11T09:35:14-08:00   a2684e9b8fa50d6d11c56a9ada068528
assets/shop.js.liquid:
  development: 2015-12-11T09:35:14-08:00   2880455526e5aa3db2c61e1deb3949c8
assets/slide_1.jpg:
  development: 2016-02-16T15:42:19-08:00   d4f32fa13ddcdaf51e80e6d0f227899e
assets/slide_2.jpg:
  development: 2015-12-11T09:35:14-08:00   3314e62e6c8569cb25c22694a07ada2a
assets/slide_3.jpg:
  development: 2015-12-11T09:35:15-08:00   9df34f52e8d15d4f591de38156c7e62e
assets/slide_4.jpg:
  development: 2015-12-11T09:35:15-08:00   8e4db357ff4536bb9ebc69a5175a649f
assets/timber.scss.liquid:
  development: 2018-06-21T14:35:20-07:00   723cfcf0ddf672f3548e82f407e4d974
assets/zoomin.cur:
  development: 2015-12-11T09:35:15-08:00   805e9d70e907f9b8151c43357de8af77
assets/zoomout.cur:
  development: 2015-12-11T09:35:15-08:00   e5f236bf2b60f8c8fc1867d70636a046
config/settings_data.json:
  development: 2018-08-15T12:19:53-07:00   55e1b7cc41e294f24b411bb0511f1f8c
config/settings_schema.json:
  development: 2015-12-11T09:35:12-08:00   2f4307bd378e461686492dba15c8c75f
layout/theme.liquid:
  development: 2018-02-02T15:34:26-08:00   27a488b788cef2404106abebfc9213bb
layout/theme_backup_by_magiczoomplus_2015.03.30_18.14.36.liquid:
  development: 2015-12-11T09:35:15-08:00   bfa0d72a688da27dd8e4afb05122f15c
locales/de.json:
  development: 2015-12-11T09:35:17-08:00   c147ff9a339be1cad3778f8671d1dfae
locales/en.default.json:
  development: 2016-08-17T09:43:37-07:00   25161073265ab7afb8a0c81183c31527
locales/fr.json:
  development: 2015-12-11T09:35:17-08:00   60770f49598c5a554cc373753e1fca1f
locales/pt-BR.json:
  development: 2015-12-11T09:35:17-08:00   878a3d2556a689ffd2deb63963205108
locales/pt-PT.json:
  development: 2015-12-11T09:35:17-08:00   d48e69aba268424547c2b7e1e619f0ec
sections/collection-header.liquid:
  development: 2018-07-26T14:33:09-07:00   2ab59eee1c5d3edabb80d8d7a355dc1f
sections/collection-header2.liquid:
  development: 2018-07-26T14:33:01-07:00   2ab59eee1c5d3edabb80d8d7a355dc1f
sections/collection-header3.liquid:
  development: 2018-07-26T14:40:07-07:00   2ab59eee1c5d3edabb80d8d7a355dc1f
sections/collection-header4.liquid:
  development: 2018-07-26T14:33:17-07:00   2ab59eee1c5d3edabb80d8d7a355dc1f
sections/collection-header5.liquid:
  development: 2018-07-27T11:23:03-07:00   2ab59eee1c5d3edabb80d8d7a355dc1f
sections/collection-header6.liquid:
  development: 2018-07-27T11:23:09-07:00   2ab59eee1c5d3edabb80d8d7a355dc1f
sections/collection.liquid:
  development: 2018-07-17T16:08:22-07:00   a99639d325610041da647d72b9447c76
sections/collection2.liquid:
  development: 2018-07-17T16:08:15-07:00   a99639d325610041da647d72b9447c76
sections/collection3.liquid:
  development: 2018-07-17T16:08:07-07:00   a99639d325610041da647d72b9447c76
sections/collection4.liquid:
  development: 2018-07-17T16:07:58-07:00   a99639d325610041da647d72b9447c76
sections/collection5.liquid:
  development: 2018-07-27T11:23:19-07:00   a99639d325610041da647d72b9447c76
sections/collection6.liquid:
  development: 2018-07-27T11:23:27-07:00   a99639d325610041da647d72b9447c76
sections/featured.liquid:
  development: 2018-06-14T11:58:45-07:00   365b0dd1db747d2b600f68be2156489b
sections/homepage.liquid:
  development: 2018-06-14T11:58:15-07:00   365b0dd1db747d2b600f68be2156489b
snippets/8upsell-popup.liquid:
  development: 2016-11-23T11:38:27-08:00   6b4e82da70aab7983ad0b06875186ea0
snippets/add-to-cart-6-16-BACKUP.liquid:
  development: 2016-06-16T12:01:44-07:00   7afe09d7580d2dcd73912ff699f0b1a9
snippets/add-to-cart-TEST.liquid:
  development: 2016-06-17T09:37:01-07:00   a6f16f080609e12ecd14425f395230cf
snippets/add-to-cart-product-page.liquid:
  development: 2018-08-17T09:25:23-07:00   58c997e4e7385af532a78f73bf18a821
snippets/add-to-cart-related.liquid:
  development: 2016-07-11T15:33:36-07:00   a6f16f080609e12ecd14425f395230cf
snippets/add-to-cart.liquid:
  development: 2018-08-16T16:04:59-07:00   c44e93c360dd275043f2bb9fca45b842
snippets/add-to-cart_8-7-15.liquid:
  development: 2015-12-11T09:35:15-08:00   00316f460d3a9d454632bb377ea2d780
snippets/advanced-tag-loop.liquid:
  development: 2015-12-11T09:35:15-08:00   2be5dda1340a1d8fe0a30ab80744dae2
snippets/ajax-cart-template.liquid:
  development: 2015-12-11T09:35:15-08:00   e897d26b67dcd0f7f71279571263d9bd
snippets/blog-sidebar.liquid:
  development: 2015-12-11T09:35:15-08:00   58c5085b012c927d6cf22d2662b7b0c2
snippets/boldcsp_helper.liquid:
  development: 2015-12-11T09:35:15-08:00   eb1b3b34a34a88fa8018f9a55eb050e5
snippets/breadcrumb.liquid:
  development: 2017-03-17T14:51:36-07:00   4a48648d2fc197a04c2687029bfd1c61
snippets/collection-grid-item.liquid:
  development: 2015-12-11T09:35:15-08:00   9a3fe20f1ef37cf9f6d703a92097c8ec
snippets/collection-list-item.liquid:
  development: 2017-03-17T14:25:29-07:00   df0291fefce71e8e05e2f3447c88df0d
snippets/collection-sidebar-TEST.liquid:
  development: 2016-06-14T14:40:34-07:00   6b8782a7c5e6972e798e2a3c8428837e
snippets/collection-sidebar.liquid:
  development: 2018-08-14T09:30:44-07:00   39eb6de3388ec0c0f23273cd302177f3
snippets/collection-sorting.liquid:
  development: 2015-12-11T09:35:15-08:00   47fc9865d11eaf0e3e2bcb702105f298
snippets/collection-views.liquid:
  development: 2015-12-11T09:35:15-08:00   71c5f9c1125fefc4edc438a2c17b7c77
snippets/comment.liquid:
  development: 2015-12-11T09:35:15-08:00   f05ec37200b573bd7af44200c40e441c
snippets/featured-collection.liquid:
  development: 2015-12-11T09:35:15-08:00   32bb9d0aa40741d14b8ae53f1779b781
snippets/featured-homepage.liquid:
  development: 2018-06-13T09:09:22-07:00   4a526a3bc3bd4fb8c98211d2a48942e2
snippets/featured-row.liquid:
  development: 2015-12-11T09:35:15-08:00   b2bd408e97051f823ae9a5a9570630b9
snippets/featured.liquid:
  development: 2018-06-13T09:09:16-07:00   ee91c9e6fcab32ffde3474f419a0ac14
snippets/footer.liquid:
  development: 2015-12-11T09:35:16-08:00   bf99cc9298b4aa6a2a352e731243ee1b
snippets/form-errors-custom.liquid:
  development: 2015-12-11T09:35:16-08:00   0fbedc7b8793c57ba7ebe6eda4714c7b
snippets/google-fonts.liquid:
  development: 2015-12-11T09:35:16-08:00   27251a1473b2ad0c092c4e38a49dacb5
snippets/json_cleanup.liquid:
  development: 2017-08-28T14:20:43-07:00   9748aa5dfade1e32178829e29d8e80d6
snippets/magiczoomplus.headers.liquid:
  development: 2016-06-28T15:53:39-07:00   b4f2eb2f2b1ac40c3dcd8b31648f3e58
snippets/magiczoomplus.headers.v4_backup.liquid:
  development: 2016-06-28T15:31:10-07:00   1463f5d1fbef53a5b5ecb846798dc73e
snippets/magiczoomplus.liquid:
  development: 2016-06-28T15:38:32-07:00   f28c7b0ab57886cc19c0849f55b25619
snippets/magiczoomplus.v4_backup.liquid:
  development: 2016-06-28T15:31:12-07:00   ca578eb1ba28f1da1a3c6192ccca06b2
snippets/newsletter-form.liquid:
  development: 2015-12-11T09:35:16-08:00   4c22e69a0af191487505231ae457a005
snippets/oldIE-js.liquid:
  development: 2015-12-11T09:35:16-08:00   51e3d1c19546997f1812cd636543b5f9
snippets/open-graph-tags.liquid:
  development: 2015-12-11T09:35:16-08:00   26535a713a06cb6664b9953bcd5743fe
snippets/order-form-nav.liquid:
  development: 2016-02-10T15:37:10-08:00   1b5835771cc827b5b4565a036c98a5b1
snippets/order-form-page.liquid:
  development: 2017-10-12T09:34:35-07:00   64ff96d3847e2a841d3c75783b343a13
snippets/pagination-custom.liquid:
  development: 2015-12-11T09:35:16-08:00   4d1ca5c57944903250592098b01c0ddb
snippets/price-sale.liquid:
  development: 2015-12-11T09:35:16-08:00   1666c835fb25eb8b49e23611d3c79451
snippets/price.liquid:
  development: 2017-04-20T14:40:00-07:00   b9fa91273232011ed22cc81f0f8d8a00
snippets/product-grid-item-TEST.liquid:
  development: 2016-06-15T16:28:08-07:00   daafebd01d01beea9cc02daa18514f5b
snippets/product-grid-item-related.liquid:
  development: 2016-07-11T15:33:24-07:00   a5a7129735f2b3d2acf71db0a69ba2ee
snippets/product-grid-item.liquid:
  development: 2016-10-07T13:15:41-07:00   14993237ef86287ed534879e78ea9872
snippets/product-list-item.liquid:
  development: 2017-03-17T14:24:54-07:00   0af0ca50ac187d5bf8a51900756b11d4
snippets/recently-viewed.liquid:
  development: 2017-03-13T16:07:30-07:00   43b639fb63a97b7b75d19574e04967ca
snippets/related-product-grid-item-test.liquid:
  development: 2017-03-17T09:06:40-07:00   efbbfdeedda664327304a53c50ec9da2
snippets/related-products-test.liquid:
  development: 2015-12-11T09:35:16-08:00   ca12854652094170d7bca10e8b6d6c35
snippets/related-products.liquid:
  development: 2016-07-11T15:37:16-07:00   2957b97237838dbfe6de7903541c72ab
snippets/respond.liquid:
  development: 2015-12-11T09:35:16-08:00   296108cb94e6cb82d515ebb93308ef68
snippets/search-bar.liquid:
  development: 2015-12-11T09:35:16-08:00   f943122e05065a07d45a9f55253fbfe9
snippets/search-result-grid.liquid:
  development: 2017-08-08T14:36:11-07:00   a741a73221d95e5613874291cf53df83
snippets/search-result-grid2.liquid:
  development: 2018-08-16T16:05:37-07:00   98c00a9e3bf33d0d6a5c82d28a0791a9
snippets/search-result.liquid:
  development: 2017-04-20T13:58:08-07:00   bb60eb0cbb377f073d21a04f64aa135d
snippets/season-new.liquid:
  development: 2018-08-16T16:06:36-07:00   bd001968f6af1582a06af2c225b4cfc8
snippets/shappify-bdl-load-bundle.liquid:
  development: 2015-12-11T09:35:16-08:00   ca82d43ea0584b22e9e0295a5fc46838
snippets/shappify-bdl-min-price.liquid:
  development: 2015-12-11T09:35:16-08:00   a72dd2d52c738a660f156141c67366a8
snippets/shappify-bdl-no-select.liquid:
  development: 2015-12-11T09:35:16-08:00   6345417d2cbb721bd79041d0f8b989bd
snippets/shappify-csp-min-price.liquid:
  development: 2015-12-11T09:35:16-08:00   618ef8e46b8a1ea49937d6c85161741a
snippets/shappify-csp.liquid:
  development: 2015-12-11T09:35:16-08:00   05ce65f714ed9b9b92ab87d46039f096
snippets/shappify-variant-is-csp.liquid:
  development: 2015-12-11T09:35:16-08:00   6e71b1caaa7e5e81f5d63f00338f3ef2
snippets/site-nav.liquid:
  development: 2016-05-18T09:38:42-07:00   38e6ba08ce1715c1fda95ac5a19cba00
snippets/slider.liquid:
  development: 2015-12-11T09:35:16-08:00   ccbcaceeb29e85943dd94037eeb76bf8
snippets/social-sharing.liquid:
  development: 2015-12-11T09:35:16-08:00   8acf51c87ac4fdb84d1979a9fc038605
snippets/tags-article.liquid:
  development: 2015-12-11T09:35:16-08:00   120135d63ee0fb78c22e0cc43b388cd8
snippets/toggle-filters.liquid:
  development: 2015-12-11T09:35:16-08:00   c37af0c27a3ca79684543cd280dc4fea
snippets/twitter-card.liquid:
  development: 2015-12-11T09:35:16-08:00   fa4fdda66b90b1f9b4904f0f46c351b2
templates/404.liquid:
  development: 2015-12-11T09:35:16-08:00   2931cfb31594cb6c60dd6055defdb260
templates/article.liquid:
  development: 2015-12-11T09:35:16-08:00   f0b57489448e30d80e36580affe3f287
templates/blog.liquid:
  development: 2015-12-11T09:35:16-08:00   36c25818338143925266dc6dfbd400da
templates/cart.liquid:
  development: 2018-08-03T10:36:18-07:00   b8ed0059d6c503eece889edb3bbca9b4
templates/cart.liquid-without-spurit_upsell.liquid:
  development: 2016-11-23T11:43:14-08:00   3449a7c39a60a68dfe001743ec0e7711
templates/collection-TEST.liquid:
  development: 2017-03-17T14:02:22-07:00   d867834556aa96cf19ee5d01c2039b93
templates/collection.2017.holiday.completes.liquid:
  development: 2017-11-17T14:41:38-08:00   9f76bf9c8bdebeac126dee56627392e3
templates/collection.2017.summer.dr1.liquid:
  development: 2017-09-11T11:28:10-07:00   0125c7680d8f02aa2194aef49a928d46
templates/collection.2018.summer.completes.liquid:
  development: 2017-12-05T09:12:45-08:00   d8d75144688efce6a47f5ce492ba4fc3
templates/collection.all-brands-2.liquid:
  development: 2018-06-25T09:59:55-07:00   baedf02a9b6f7db59d9d98b44d3b0530
templates/collection.all-brands-3.liquid:
  development: 2018-05-16T11:42:25-07:00   f4d224e3d4309e37b9b9acf70c8ff3a8
templates/collection.all-brands-4.liquid:
  development: 2018-05-18T11:03:42-07:00   81cea5417545f89d5339d9d7e5d092d5
templates/collection.all-brands-5.liquid:
  development: 2018-05-11T15:06:40-07:00   c8f2569b2cf10f06ce349a89a4a650d4
templates/collection.all-brands.liquid:
  development: 2018-03-19T14:37:14-07:00   bc08596d6a08aad07bd9c6e76c74df99
templates/collection.allbrands.liquid:
  development: 2018-06-27T09:37:08-07:00   86fad00f9251606a29d463036a72ace0
templates/collection.allbrands2.liquid:
  development: 2018-07-23T12:58:11-07:00   0d9f980d2ce2c36c7dd1a5d42021f72b
templates/collection.allbrands3.liquid:
  development: 2018-07-26T14:27:47-07:00   8ba750a30f42e3cefe0f161289a99b9a
templates/collection.allbrands4.liquid:
  development: 2018-06-27T09:37:10-07:00   e68f7f53b5eeadc6c0decb1329c6ede2
templates/collection.allbrands5.liquid:
  development: 2018-07-27T11:21:56-07:00   12787be67299c48bef95047995a5c7c2
templates/collection.allbrands6.liquid:
  development: 2018-07-27T11:22:12-07:00   c77480fbac905f83946590016d3efd51
templates/collection.by-brand.liquid:
  development: 2017-11-21T08:34:00-08:00   14fe04b2919a3eaa0cabce27ea000b6e
templates/collection.liquid:
  development: 2018-06-14T12:01:56-07:00   b43e56f6d22897db708f5e16bee0b606
templates/collection.list.liquid:
  development: 2017-03-17T13:54:04-07:00   569f19120ec24f7a283e3001eb62162c
templates/collection.new-on-deck.liquid:
  development: 2018-05-10T08:30:04-07:00   0ca387f09ad77906943fb41cf98cd054
templates/collection.new-on-deck2.liquid:
  development: 2018-05-29T09:33:43-07:00   b7a067b0960fb262c863e028904e29e1
templates/collection.new-on-deck3.liquid:
  development: 2018-06-04T21:34:54-07:00   210dbfb008af7e33b66bebd628e8726c
templates/collection.nod.liquid:
  development: 2017-08-14T11:08:47-07:00   ac22a21a4dab9ec8463d37329247b367
templates/collection.order-form.liquid:
  development: 2015-12-18T10:37:43-08:00   22a13866136cdfe500e651e9c73ec84d
templates/collection.prebook.2017.holiday.liquid:
  development: 2017-06-28T15:18:33-07:00   c0213d8a043633a489ea799daab204cb
templates/collection.prebook.2018summer.liquid:
  development: 2017-09-25T11:42:27-07:00   b891e81c6301113f448804a5dcbc6a73
templates/collection.prebook.completes.liquid:
  development: 2017-02-02T15:14:21-08:00   45d5e6d4fe19cabe1248bb5aef6bad1e
templates/collection.prebook.liquid:
  development: 2017-09-21T10:57:54-07:00   09e58ba9e80207ce802d5c9d1e71a88f
templates/collection.prebook.sfxah.liquid:
  development: 2017-03-28T15:19:13-07:00   3ca9d7a32ea30298efc1471178f52030
templates/collection.prebook2.liquid:
  development: 2017-10-27T13:54:26-07:00   51022419ecb09afbc44e4b229a9d66b1
templates/collection.prebook3.liquid:
  development: 2017-07-10T12:54:38-07:00   bfe2cab18774ba73fc79ed287fa0e97a
templates/collection.test.liquid:
  development: 2016-06-17T11:11:58-07:00   b546daeeea2f21396018c958cf2e6d0b
templates/collection.video.liquid:
  development: 2017-05-22T11:46:37-07:00   2fb8e93088172757084061bf1d1d36fb
templates/collection.zion.liquid:
  development: 2017-11-22T08:36:40-08:00   6080a44e4d660d0805a60c70053177de
templates/customers/account.liquid:
  development: 2015-12-11T09:35:16-08:00   f748601a9c8e8e13509ff899a665f1ff
templates/customers/activate_account.liquid:
  development: 2015-12-11T09:35:16-08:00   60e6a1baa439d8fc51336df180983aef
templates/customers/addresses.liquid:
  development: 2015-12-11T09:35:16-08:00   0c75780b5f7a335c403921a409371a59
templates/customers/login.liquid:
  development: 2017-07-18T11:39:17-07:00   066873379e826f5d09fb91bcd80b992b
templates/customers/order.liquid:
  development: 2015-12-11T09:35:17-08:00   4f247b2da2d7cc31fc78ee3ba0381098
templates/customers/register.liquid:
  development: 2015-12-11T09:35:17-08:00   478e1740b5bb1b5b2696b1106e6ec79c
templates/customers/reset_password.liquid:
  development: 2015-12-11T09:35:17-08:00   bdf5a6f5f81ee01ebc32d5f17275bda4
templates/gift_card.liquid:
  development: 2015-12-11T09:35:17-08:00   9090ee2eab86042b9113a031c68b52dc
templates/index.liquid:
  development: 2018-06-14T11:58:55-07:00   0bcccc9d52c81ab26651036a0cea78f0
templates/index_backup.liquid:
  development: 2015-12-11T09:35:17-08:00   a266cf35837722a83d1b3f831229b3f7
templates/list-collections.liquid:
  development: 2015-12-11T09:35:17-08:00   e87ef306fab1637c64d5c62d5e09ddf5
templates/magiczoomplus_backup_pattern_2015.03.30_18.14.42.liquid:
  development: 2015-12-11T09:35:17-08:00   703f147ccb3032265235f93de972993f
templates/page.anti_app_order-form.liquid:
  development: 2017-10-12T09:41:19-07:00   dfecf77200c4c2ed5ac9d5de3608ce80
templates/page.anti_decks_order-form.liquid:
  development: 2017-10-11T16:06:08-07:00   ff40d4c132d9088cca2937fe76dc50e3
templates/page.antihero_acc_order-form.liquid:
  development: 2017-10-12T09:41:12-07:00   0ece527c73f2924a09ff162a78ac762c
templates/page.bearings_order-form.liquid:
  development: 2017-10-12T09:41:05-07:00   2359b61cc776d880b9e2c31b58d90919
templates/page.bolts_order-form.liquid:
  development: 2017-10-12T09:41:00-07:00   9dd72d50e76e96b80152cf6cb07b8d6a
templates/page.bulk-order.liquid:
  development: 2015-12-11T09:35:17-08:00   e5c53804c9d808343512a5845d6e235f
templates/page.bushings_order-form.liquid:
  development: 2017-10-12T09:40:50-07:00   b4578d480ba4a9a1fd8969d3d9f49290
templates/page.contact.liquid:
  development: 2017-06-19T15:56:30-07:00   6cadad93eda71dcf5a28071031a0180f
templates/page.dlxcafe.liquid:
  development: 2016-03-24T16:04:08-07:00   f3bdb62df1fe70514be3f0d2fdc728da
templates/page.griptape_order-form.liquid:
  development: 2017-10-12T09:40:44-07:00   313176d17a8b36239354da6a7ef529a4
templates/page.krooked_acc_order-form.liquid:
  development: 2017-10-12T09:40:39-07:00   c226b0bec2c910b31c3f71b4f4956baf
templates/page.krooked_app_order-form.liquid:
  development: 2017-10-12T09:40:32-07:00   fcb9b87d2365d184d5f327ac79d91860
templates/page.krooked_decks_order-form.liquid:
  development: 2017-10-12T09:40:25-07:00   23e5e2ae6278fb6397e639ccc607db43
templates/page.krooked_wheels_order-form.liquid:
  development: 2017-10-12T09:40:20-07:00   31ba5fcc4201280e98fac421266ccd4b
templates/page.liquid:
  development: 2015-12-11T09:35:17-08:00   9e264d02df278c51d9d1a0083da16189
templates/page.misc-hardware_order-form.liquid:
  development: 2017-10-12T09:40:13-07:00   5302b1f537cea2667c30a1ebde9dfef6
templates/page.order-form-links.liquid:
  development: 2016-02-10T15:34:00-08:00   fb6d5c6c770d646a1df562f12a851462
templates/page.order-form.liquid:
  development: 2017-10-12T09:40:05-07:00   6073ac37699269f8e3441b9fa5a7b87b
templates/page.real_acc_order-form.liquid:
  development: 2017-10-12T09:39:59-07:00   de7a043c5ca59e934fc7db70fd83aba9
templates/page.real_app_order-form.liquid:
  development: 2017-10-12T09:39:51-07:00   dcc1357c40990866fd18d8aedca6b176
templates/page.real_decks_order-form.liquid:
  development: 2017-10-11T16:04:19-07:00   875f5a60d844ae14f07647d8d64477b5
templates/page.risers_order-form.liquid:
  development: 2017-10-12T09:39:43-07:00   7adada3b08a6af8569cebb9e1d0303b0
templates/page.skate-tools_order-form.liquid:
  development: 2017-10-12T09:39:36-07:00   1fab0d85814e06325248ee2c15232d93
templates/page.spit_wheels_order-form.liquid:
  development: 2017-10-12T09:39:29-07:00   306ac30d27fb5bd97e95482889c646af
templates/page.spitfire_acc_order-form.liquid:
  development: 2017-10-12T09:39:22-07:00   456468dc9ff6968ef164a0ac8c645e31
templates/page.spitfire_app_order-form.liquid:
  development: 2017-10-12T09:39:14-07:00   1515f5bd177e96d62cc6cd062458f0a5
templates/page.th_trucks_order-form.liquid:
  development: 2017-10-12T09:33:04-07:00   9c7c19ce263d08938409661c49b5eef7
templates/page.thunder_acc_order-form.liquid:
  development: 2017-10-12T09:39:00-07:00   bc635434a5fa8d43813bf10742b4899a
templates/page.thunder_app_order-form.liquid:
  development: 2017-10-12T09:35:30-07:00   826b54291b16c1f628904bc71b655785
templates/page.userguide.liquid:
  development: 2016-05-13T13:33:40-07:00   5c0be3255a93f9914f3736829ddfe832
templates/page.venture_acc_order-form.liquid:
  development: 2017-10-12T09:35:21-07:00   d0325cddaea0df953a3559085d0b993d
templates/page.venture_app_order-form.liquid:
  development: 2017-10-12T09:35:14-07:00   343e633bba32c6af26bc931ad98586c4
templates/page.venture_trucks_order-form.liquid:
  development: 2017-10-12T09:35:07-07:00   0c816fe66950b323fe35cca1c4fb0bff
templates/page.wax_order-form.liquid:
  development: 2017-10-12T09:35:00-07:00   0d97600d65df1b1fc2e4b36fd8508ea8
templates/password.liquid:
  development: 2016-03-21T14:41:19-07:00   293ef6ab41be15713f839ec0dc5265b4
templates/product.liquid:
  development: 2018-08-17T09:20:19-07:00   be7b2b60794b49195640dbaca3b667de
templates/product_backup.liquid:
  development: 2015-12-11T09:35:17-08:00   ca20041dbdda326baa415163e15eb372
templates/product_backup_4_7_15.liquid:
  development: 2015-12-11T09:35:17-08:00   09b5aa0c45d8d72366fad3b9c3ab6507
templates/product_backup_by_magiczoomplus_2015.03.30_18.14.42.liquid:
  development: 2015-12-11T09:35:17-08:00   0f8dcf35f394a1c4df9fa08a318017f0
templates/search.liquid:
  development: 2017-03-16T09:20:39-07:00   17181f61727e72b1e4a4b2246e4b4c99
templates/search.livesearch.liquid:
  development: 2015-12-17T16:01:23-08:00   291e69a680b3498b6fadf63f99532b72
